
Microsoft Visual Studio Solution File, Format Version 12.00
# Visual Studio Version 16
VisualStudioVersion = 16.0.29201.188
MinimumVisualStudioVersion = 10.0.40219.1
Project("{FAE04EC0-301F-11D3-BF4B-00C04F79EFBC}") = "kafeSiparisUygulaması", "kafeSiparisUygulaması\kafeSiparisUygulaması.csproj", "{76E3E2FC-4A41-4BE2-B2E1-491EB7AEFD01}"
EndProject
Global
	GlobalSection(SolutionConfigurationPlatforms) = preSolution
		Debug|Any CPU = Debug|Any CPU
		Release|Any CPU = Release|Any CPU
	EndGlobalSection
	GlobalSection(ProjectConfigurationPlatforms) = postSolution
		{76E3E2FC-4A41-4BE2-B2E1-491EB7AEFD01}.Debug|Any CPU.ActiveCfg = Debug|Any CPU
		{76E3E2FC-4A41-4BE2-B2E1-491EB7AEFD01}.Debug|Any CPU.Build.0 = Debug|Any CPU
		{76E3E2FC-4A41-4BE2-B2E1-491EB7AEFD01}.Release|Any CPU.ActiveCfg = Release|Any CPU
		{76E3E2FC-4A41-4BE2-B2E1-491EB7AEFD01}.Release|Any CPU.Build.0 = Release|Any CPU
	EndGlobalSection
	GlobalSection(SolutionProperties) = preSolution
		HideSolutionNode = FALSE
	EndGlobalSection
	GlobalSection(ExtensibilityGlobals) = postSolution
		SolutionGuid = {74F1A544-4ACE-4358-9D87-9C074CE3D7AA}
	EndGlobalSection
EndGlobal
